
Microsoft Visual Studio Solution File, Format Version 12.00
# Visual Studio Version 17
VisualStudioVersion = 17.8.34330.188
MinimumVisualStudioVersion = 10.0.40219.1
Project("{FAE04EC0-301F-11D3-BF4B-00C04F79EFBC}") = "TestDelegLinq", "TestDelegLinq.csproj", "{C812C757-2905-40B3-AB2F-3272655890DE}"
EndProject
Global
	GlobalSection(SolutionConfigurationPlatforms) = preSolution
		Debug|Any CPU = Debug|Any CPU
		Release|Any CPU = Release|Any CPU
	EndGlobalSection
	GlobalSection(ProjectConfigurationPlatforms) = postSolution
		{C812C757-2905-40B3-AB2F-3272655890DE}.Debug|Any CPU.ActiveCfg = Debug|Any CPU
		{C812C757-2905-40B3-AB2F-3272655890DE}.Debug|Any CPU.Build.0 = Debug|Any CPU
		{C812C757-2905-40B3-AB2F-3272655890DE}.Release|Any CPU.ActiveCfg = Release|Any CPU
		{C812C757-2905-40B3-AB2F-3272655890DE}.Release|Any CPU.Build.0 = Release|Any CPU
	EndGlobalSection
	GlobalSection(SolutionProperties) = preSolution
		HideSolutionNode = FALSE
	EndGlobalSection
	GlobalSection(ExtensibilityGlobals) = postSolution
		SolutionGuid = {F06D951F-53C4-45D1-97A5-DECF8F8F4958}
	EndGlobalSection
EndGlobal
